
Microsoft Visual Studio Solution File, Format Version 12.00
# Visual Studio Version 17
VisualStudioVersion = 17.0.31903.59
MinimumVisualStudioVersion = 10.0.40219.1
Project("{2150E333-8FDC-42A3-9474-1A3956D46DE8}") = "Domain", "Domain", "{E4E14186-7285-4679-8889-CCE3102907D7}"
EndProject
Project("{2150E333-8FDC-42A3-9474-1A3956D46DE8}") = "Infrastructure", "Infrastructure", "{07D02F3B-4F47-44B7-9691-B82FD3EBC065}"
EndProject
Project("{2150E333-8FDC-42A3-9474-1A3956D46DE8}") = "Application", "Application", "{F885A2EC-F70F-4D44-BD6B-BB23ADE60805}"
EndProject
Project("{2150E333-8FDC-42A3-9474-1A3956D46DE8}") = "_Solution Items", "_Solution Items", "{6331319B-FF90-4B5C-B2D9-B96BB405AB7F}"
	ProjectSection(SolutionItems) = preProject
		.editorconfig = .editorconfig
		.gitattributes = .gitattributes
		.gitignore = .gitignore
		Backend\Directory.Build.props = Backend\Directory.Build.props
		.config\dotnet-tools.json = .config\dotnet-tools.json
		nuget.config = nuget.config
		README.md = README.md
		version.txt = version.txt
	EndProjectSection
EndProject
Project("{2150E333-8FDC-42A3-9474-1A3956D46DE8}") = "_DevTools", "_DevTools", "{60F85AA6-5823-4604-A177-7D7EA9A3E236}"
EndProject
Project("{2150E333-8FDC-42A3-9474-1A3956D46DE8}") = "Tests", "Tests", "{721A40E9-6385-424E-AF92-1DBB6717011D}"
EndProject
Project("{9A19103F-16F7-4668-BE54-9A1E7A4F7556}") = "ApiScaffolder", "Backend\DevTools\ApiScaffolder\ApiScaffolder.csproj", "{868ECF3A-D25C-4450-A555-17EA15529C7C}"
EndProject
Project("{9A19103F-16F7-4668-BE54-9A1E7A4F7556}") = "TestDataLoader", "Backend\DevTools\TestDataLoader\TestDataLoader.csproj", "{469A0964-991C-42CE-9796-03C9FEC14B9C}"
EndProject
Project("{9A19103F-16F7-4668-BE54-9A1E7A4F7556}") = "AppConfig", "Backend\Application\AppConfig\AppConfig.csproj", "{C60865B1-4A12-41B0-8903-EF2A19095C33}"
EndProject
Project("{9A19103F-16F7-4668-BE54-9A1E7A4F7556}") = "AppDTOs", "Backend\Application\AppDTOs\AppDTOs.csproj", "{C1211648-D021-4C2B-9B08-6F31BB728C45}"
EndProject
Project("{9A19103F-16F7-4668-BE54-9A1E7A4F7556}") = "AppInterfaces", "Backend\Application\AppInterfaces\AppInterfaces.csproj", "{95FC144B-B432-4B04-B895-B39E284E3687}"
EndProject
Project("{9A19103F-16F7-4668-BE54-9A1E7A4F7556}") = "AppServices", "Backend\Application\AppServices\AppServices.csproj", "{779BD22B-4036-4770-A4F7-84C1721C3118}"
EndProject
Project("{9A19103F-16F7-4668-BE54-9A1E7A4F7556}") = "InfraInterfaces", "Backend\Application\InfraInterfaces\InfraInterfaces.csproj", "{489B2E27-04C2-4E50-8292-03BE107296A9}"
EndProject
Project("{9A19103F-16F7-4668-BE54-9A1E7A4F7556}") = "Permissions", "Backend\Application\Permissions\Permissions.csproj", "{BF2BAC08-9A48-472A-BB58-FCDAA9EBAC91}"
EndProject
Project("{9A19103F-16F7-4668-BE54-9A1E7A4F7556}") = "DataInterfaces", "Backend\Application\DataInterfaces\DataInterfaces.csproj", "{99AAAFD9-9BF5-4D4C-8DE6-6B59D080111C}"
EndProject
Project("{2150E333-8FDC-42A3-9474-1A3956D46DE8}") = "Functions", "Functions", "{25C53F1C-CBE7-41A1-B6C0-9F4F3CFA2C43}"
EndProject
Project("{2150E333-8FDC-42A3-9474-1A3956D46DE8}") = "Data", "Data", "{6A5CEF0E-6D2C-44B8-8DAF-F8E35CE4FDA9}"
EndProject
Project("{9A19103F-16F7-4668-BE54-9A1E7A4F7556}") = "DataContext", "Backend\Data\DataContext\DataContext.csproj", "{DC03D995-8473-40A0-9A23-C24D3C2B0EF4}"
EndProject
Project("{9A19103F-16F7-4668-BE54-9A1E7A4F7556}") = "DbApplicationImpl", "Backend\Data\DbApplicationImpl\DbApplicationImpl.csproj", "{A7DD38E4-4C30-4BFC-B22A-8424EFCD39AB}"
EndProject
Project("{9A19103F-16F7-4668-BE54-9A1E7A4F7556}") = "DbEntities", "Backend\Data\DbEntities\DbEntities.csproj", "{EA452303-E9DA-4299-8B3F-2599DFF08AE6}"
EndProject
Project("{9A19103F-16F7-4668-BE54-9A1E7A4F7556}") = "Entities", "Backend\Domain\Entities\Entities.csproj", "{D06F43B4-2F6D-4287-97A1-EEEBFF0EF1D2}"
EndProject
Project("{9A19103F-16F7-4668-BE54-9A1E7A4F7556}") = "DomainExceptions", "Backend\Domain\DomainExceptions\DomainExceptions.csproj", "{B815A165-9BF6-4123-9716-E806357A9FC1}"
EndProject
Project("{9A19103F-16F7-4668-BE54-9A1E7A4F7556}") = "Enumerations", "Backend\Domain\Enumerations\Enumerations.csproj", "{1D7740FD-013D-4D2D-BCC6-79F1D7A8800A}"
EndProject
Project("{9A19103F-16F7-4668-BE54-9A1E7A4F7556}") = "Identities", "Backend\Domain\Identities\Identities.csproj", "{13E62E84-7629-474A-BC73-F8F88171AF1B}"
EndProject
Project("{9A19103F-16F7-4668-BE54-9A1E7A4F7556}") = "ServiceInterfaces", "Backend\Domain\ServiceInterfaces\ServiceInterfaces.csproj", "{11457B7B-BC27-4111-A1FE-70DF07D9215B}"
EndProject
Project("{9A19103F-16F7-4668-BE54-9A1E7A4F7556}") = "Services", "Backend\Domain\Services\Services.csproj", "{8185193D-F12E-4C84-841B-C42D0157612F}"
EndProject
Project("{9A19103F-16F7-4668-BE54-9A1E7A4F7556}") = "ValueObjects", "Backend\Domain\ValueObjects\ValueObjects.csproj", "{72B4220E-9772-45BA-B87C-220CBB24D6EB}"
EndProject
Project("{9A19103F-16F7-4668-BE54-9A1E7A4F7556}") = "FileImport", "Backend\Infrastructure\FileImport\FileImport.csproj", "{35C81CCF-A347-4120-B188-86A2EA4A579B}"
EndProject
Project("{9A19103F-16F7-4668-BE54-9A1E7A4F7556}") = "FileStore", "Backend\Infrastructure\FileStore\FileStore.csproj", "{16C850E7-013F-48D7-95A0-458DAF1C1807}"
EndProject
Project("{9A19103F-16F7-4668-BE54-9A1E7A4F7556}") = "Logging", "Backend\Infrastructure\Logging\Logging.csproj", "{C9D08B16-B9DF-4697-BF04-D18A85776CCE}"
EndProject
Project("{9A19103F-16F7-4668-BE54-9A1E7A4F7556}") = "Settings", "Backend\Infrastructure\Settings\Settings.csproj", "{41D9E14F-91E6-4B50-983E-9802970C3BCA}"
EndProject
Project("{9A19103F-16F7-4668-BE54-9A1E7A4F7556}") = "GenerateTypeScript", "Backend\Functions\GenerateTypeScript\GenerateTypeScript.csproj", "{80B84347-5D69-4B9F-A93F-FFA47CA937D1}"
EndProject
Project("{9A19103F-16F7-4668-BE54-9A1E7A4F7556}") = "WebDTOs", "Backend\Functions\WebDTOs\WebDTOs.csproj", "{8D7AEAA6-B6C4-4A63-9C01-6C43B60CB177}"
EndProject
Project("{9A19103F-16F7-4668-BE54-9A1E7A4F7556}") = "TestUtilities", "Backend\Tests\TestUtilities\TestUtilities.csproj", "{BF8EA2EA-A0FF-4B2B-AF8C-55E425F1C76F}"
EndProject
Project("{9A19103F-16F7-4668-BE54-9A1E7A4F7556}") = "UnitTests", "Backend\Tests\UnitTests\UnitTests.csproj", "{B314EE31-0C90-4403-BD2E-B09C72AB1456}"
EndProject
Project("{2150E333-8FDC-42A3-9474-1A3956D46DE8}") = "Backend", "Backend", "{6B5C4EC7-D6D9-4793-B0C5-F953CB8F6C95}"
EndProject
Project("{2150E333-8FDC-42A3-9474-1A3956D46DE8}") = "UI", "UI", "{EEB3F8F2-76FF-4E36-8035-7A12F80F899C}"
EndProject
Project("{54A90642-561A-4BB1-A94E-469ADEE60C69}") = "react-app", "UI\react-app\react-app.esproj", "{EE683AEE-3276-4102-9578-292BACCD0FF8}"
EndProject
Project("{54A90642-561A-4BB1-A94E-469ADEE60C69}") = "ImageSources", "UI\ImageSources\ImageSources.esproj", "{56A5B1FC-4145-4A61-A380-5B56F6D92007}"
EndProject
Project("{9A19103F-16F7-4668-BE54-9A1E7A4F7556}") = "FunctionApp", "Backend\Functions\FunctionApp\FunctionApp.csproj", "{85366FF9-73FA-401D-8F08-BBFF24ECFC38}"
	ProjectSection(ProjectDependencies) = postProject
		{80B84347-5D69-4B9F-A93F-FFA47CA937D1} = {80B84347-5D69-4B9F-A93F-FFA47CA937D1}
	EndProjectSection
EndProject
Project("{54A90642-561A-4BB1-A94E-469ADEE60C69}") = "AzurePipelines", "AzurePipelines\AzurePipelines.esproj", "{6E51125E-906C-44CD-BE96-6BF5B295A105}"
EndProject
Project("{9A19103F-16F7-4668-BE54-9A1E7A4F7556}") = "Events", "Backend\Domain\Events\Events.csproj", "{58C6A1D4-7E2B-4254-91B6-09DBD589165E}"
EndProject
Project("{9A19103F-16F7-4668-BE54-9A1E7A4F7556}") = "Fields", "Backend\Domain\Fields\Fields.csproj", "{94A300DB-1C19-4377-9DF2-E40C26EEF37D}"
EndProject
Project("{9A19103F-16F7-4668-BE54-9A1E7A4F7556}") = "Reports", "Backend\Infrastructure\Reports\Reports.csproj", "{92DA5395-C383-4D57-B056-436B02AC9A94}"
EndProject
Project("{9A19103F-16F7-4668-BE54-9A1E7A4F7556}") = "HeavyFunctionApp", "Backend\Functions\HeavyFunctionApp\HeavyFunctionApp.csproj", "{E44D5123-09B4-4B08-BFE8-D7FA3C1D76C2}"
EndProject
Project("{9A19103F-16F7-4668-BE54-9A1E7A4F7556}") = "FunctionUtil", "Backend\Functions\FunctionUtil\FunctionUtil.csproj", "{B128F02F-B91B-40CC-A80B-1E30142E7B3D}"
EndProject
Project("{9A19103F-16F7-4668-BE54-9A1E7A4F7556}") = "ServiceBus", "Backend\Infrastructure\ServiceBus\ServiceBus.csproj", "{2C73C97B-F2ED-4B88-B51F-C641C0352C63}"
EndProject
Project("{9A19103F-16F7-4668-BE54-9A1E7A4F7556}") = "EventHandlers", "Backend\Application\EventHandlers\EventHandlers.csproj", "{96AA7BB1-B757-4652-852B-30727DE4C438}"
EndProject
Project("{54A90642-561A-4BB1-A94E-469ADEE60C69}") = "AzureResources", "AzureResources\AzureResources.esproj", "{EC7C7F4A-A37C-4E20-91C1-47C44798C2F8}"
EndProject
Project("{9A19103F-16F7-4668-BE54-9A1E7A4F7556}") = "AsposeLicense", "Backend\Infrastructure\AsposeLicense\AsposeLicense.csproj", "{EBED9D26-1467-4A9D-B8D2-979BC371F97B}"
EndProject
Project("{9A19103F-16F7-4668-BE54-9A1E7A4F7556}") = "DevTests", "Backend\Tests\DevTests\DevTests.csproj", "{B4B545DF-ACD4-49C2-9825-84EB663B9B74}"
EndProject
Project("{9A19103F-16F7-4668-BE54-9A1E7A4F7556}") = "IntegrationTests", "Backend\Tests\IntegrationTests\IntegrationTests.csproj", "{87D70B6A-A742-4B80-820E-2D08A4A8DCD7}"
EndProject
Project("{FAE04EC0-301F-11D3-BF4B-00C04F79EFBC}") = "Graphics", "Backend\Infrastructure\Graphics\Graphics.csproj", "{27B0FE37-9F30-4C00-95C4-3873177940AE}"
EndProject
Global
	GlobalSection(SolutionConfigurationPlatforms) = preSolution
		Debug|Any CPU = Debug|Any CPU
		Release|Any CPU = Release|Any CPU
	EndGlobalSection
	GlobalSection(ProjectConfigurationPlatforms) = postSolution
		{868ECF3A-D25C-4450-A555-17EA15529C7C}.Debug|Any CPU.ActiveCfg = Debug|Any CPU
		{868ECF3A-D25C-4450-A555-17EA15529C7C}.Debug|Any CPU.Build.0 = Debug|Any CPU
		{868ECF3A-D25C-4450-A555-17EA15529C7C}.Release|Any CPU.ActiveCfg = Release|Any CPU
		{868ECF3A-D25C-4450-A555-17EA15529C7C}.Release|Any CPU.Build.0 = Release|Any CPU
		{469A0964-991C-42CE-9796-03C9FEC14B9C}.Debug|Any CPU.ActiveCfg = Debug|Any CPU
		{469A0964-991C-42CE-9796-03C9FEC14B9C}.Debug|Any CPU.Build.0 = Debug|Any CPU
		{469A0964-991C-42CE-9796-03C9FEC14B9C}.Release|Any CPU.ActiveCfg = Release|Any CPU
		{469A0964-991C-42CE-9796-03C9FEC14B9C}.Release|Any CPU.Build.0 = Release|Any CPU
		{C60865B1-4A12-41B0-8903-EF2A19095C33}.Debug|Any CPU.ActiveCfg = Debug|Any CPU
		{C60865B1-4A12-41B0-8903-EF2A19095C33}.Debug|Any CPU.Build.0 = Debug|Any CPU
		{C60865B1-4A12-41B0-8903-EF2A19095C33}.Release|Any CPU.ActiveCfg = Release|Any CPU
		{C60865B1-4A12-41B0-8903-EF2A19095C33}.Release|Any CPU.Build.0 = Release|Any CPU
		{C1211648-D021-4C2B-9B08-6F31BB728C45}.Debug|Any CPU.ActiveCfg = Debug|Any CPU
		{C1211648-D021-4C2B-9B08-6F31BB728C45}.Debug|Any CPU.Build.0 = Debug|Any CPU
		{C1211648-D021-4C2B-9B08-6F31BB728C45}.Release|Any CPU.ActiveCfg = Release|Any CPU
		{C1211648-D021-4C2B-9B08-6F31BB728C45}.Release|Any CPU.Build.0 = Release|Any CPU
		{95FC144B-B432-4B04-B895-B39E284E3687}.Debug|Any CPU.ActiveCfg = Debug|Any CPU
		{95FC144B-B432-4B04-B895-B39E284E3687}.Debug|Any CPU.Build.0 = Debug|Any CPU
		{95FC144B-B432-4B04-B895-B39E284E3687}.Release|Any CPU.ActiveCfg = Release|Any CPU
		{95FC144B-B432-4B04-B895-B39E284E3687}.Release|Any CPU.Build.0 = Release|Any CPU
		{779BD22B-4036-4770-A4F7-84C1721C3118}.Debug|Any CPU.ActiveCfg = Debug|Any CPU
		{779BD22B-4036-4770-A4F7-84C1721C3118}.Debug|Any CPU.Build.0 = Debug|Any CPU
		{779BD22B-4036-4770-A4F7-84C1721C3118}.Release|Any CPU.ActiveCfg = Release|Any CPU
		{779BD22B-4036-4770-A4F7-84C1721C3118}.Release|Any CPU.Build.0 = Release|Any CPU
		{489B2E27-04C2-4E50-8292-03BE107296A9}.Debug|Any CPU.ActiveCfg = Debug|Any CPU
		{489B2E27-04C2-4E50-8292-03BE107296A9}.Debug|Any CPU.Build.0 = Debug|Any CPU
		{489B2E27-04C2-4E50-8292-03BE107296A9}.Release|Any CPU.ActiveCfg = Release|Any CPU
		{489B2E27-04C2-4E50-8292-03BE107296A9}.Release|Any CPU.Build.0 = Release|Any CPU
		{BF2BAC08-9A48-472A-BB58-FCDAA9EBAC91}.Debug|Any CPU.ActiveCfg = Debug|Any CPU
		{BF2BAC08-9A48-472A-BB58-FCDAA9EBAC91}.Debug|Any CPU.Build.0 = Debug|Any CPU
		{BF2BAC08-9A48-472A-BB58-FCDAA9EBAC91}.Release|Any CPU.ActiveCfg = Release|Any CPU
		{BF2BAC08-9A48-472A-BB58-FCDAA9EBAC91}.Release|Any CPU.Build.0 = Release|Any CPU
		{99AAAFD9-9BF5-4D4C-8DE6-6B59D080111C}.Debug|Any CPU.ActiveCfg = Debug|Any CPU
		{99AAAFD9-9BF5-4D4C-8DE6-6B59D080111C}.Debug|Any CPU.Build.0 = Debug|Any CPU
		{99AAAFD9-9BF5-4D4C-8DE6-6B59D080111C}.Release|Any CPU.ActiveCfg = Release|Any CPU
		{99AAAFD9-9BF5-4D4C-8DE6-6B59D080111C}.Release|Any CPU.Build.0 = Release|Any CPU
		{DC03D995-8473-40A0-9A23-C24D3C2B0EF4}.Debug|Any CPU.ActiveCfg = Debug|Any CPU
		{DC03D995-8473-40A0-9A23-C24D3C2B0EF4}.Debug|Any CPU.Build.0 = Debug|Any CPU
		{DC03D995-8473-40A0-9A23-C24D3C2B0EF4}.Release|Any CPU.ActiveCfg = Release|Any CPU
		{DC03D995-8473-40A0-9A23-C24D3C2B0EF4}.Release|Any CPU.Build.0 = Release|Any CPU
		{A7DD38E4-4C30-4BFC-B22A-8424EFCD39AB}.Debug|Any CPU.ActiveCfg = Debug|Any CPU
		{A7DD38E4-4C30-4BFC-B22A-8424EFCD39AB}.Debug|Any CPU.Build.0 = Debug|Any CPU
		{A7DD38E4-4C30-4BFC-B22A-8424EFCD39AB}.Release|Any CPU.ActiveCfg = Release|Any CPU
		{A7DD38E4-4C30-4BFC-B22A-8424EFCD39AB}.Release|Any CPU.Build.0 = Release|Any CPU
		{EA452303-E9DA-4299-8B3F-2599DFF08AE6}.Debug|Any CPU.ActiveCfg = Debug|Any CPU
		{EA452303-E9DA-4299-8B3F-2599DFF08AE6}.Debug|Any CPU.Build.0 = Debug|Any CPU
		{EA452303-E9DA-4299-8B3F-2599DFF08AE6}.Release|Any CPU.ActiveCfg = Release|Any CPU
		{EA452303-E9DA-4299-8B3F-2599DFF08AE6}.Release|Any CPU.Build.0 = Release|Any CPU
		{D06F43B4-2F6D-4287-97A1-EEEBFF0EF1D2}.Debug|Any CPU.ActiveCfg = Debug|Any CPU
		{D06F43B4-2F6D-4287-97A1-EEEBFF0EF1D2}.Debug|Any CPU.Build.0 = Debug|Any CPU
		{D06F43B4-2F6D-4287-97A1-EEEBFF0EF1D2}.Release|Any CPU.ActiveCfg = Release|Any CPU
		{D06F43B4-2F6D-4287-97A1-EEEBFF0EF1D2}.Release|Any CPU.Build.0 = Release|Any CPU
		{B815A165-9BF6-4123-9716-E806357A9FC1}.Debug|Any CPU.ActiveCfg = Debug|Any CPU
		{B815A165-9BF6-4123-9716-E806357A9FC1}.Debug|Any CPU.Build.0 = Debug|Any CPU
		{B815A165-9BF6-4123-9716-E806357A9FC1}.Release|Any CPU.ActiveCfg = Release|Any CPU
		{B815A165-9BF6-4123-9716-E806357A9FC1}.Release|Any CPU.Build.0 = Release|Any CPU
		{1D7740FD-013D-4D2D-BCC6-79F1D7A8800A}.Debug|Any CPU.ActiveCfg = Debug|Any CPU
		{1D7740FD-013D-4D2D-BCC6-79F1D7A8800A}.Debug|Any CPU.Build.0 = Debug|Any CPU
		{1D7740FD-013D-4D2D-BCC6-79F1D7A8800A}.Release|Any CPU.ActiveCfg = Release|Any CPU
		{1D7740FD-013D-4D2D-BCC6-79F1D7A8800A}.Release|Any CPU.Build.0 = Release|Any CPU
		{13E62E84-7629-474A-BC73-F8F88171AF1B}.Debug|Any CPU.ActiveCfg = Debug|Any CPU
		{13E62E84-7629-474A-BC73-F8F88171AF1B}.Debug|Any CPU.Build.0 = Debug|Any CPU
		{13E62E84-7629-474A-BC73-F8F88171AF1B}.Release|Any CPU.ActiveCfg = Release|Any CPU
		{13E62E84-7629-474A-BC73-F8F88171AF1B}.Release|Any CPU.Build.0 = Release|Any CPU
		{11457B7B-BC27-4111-A1FE-70DF07D9215B}.Debug|Any CPU.ActiveCfg = Debug|Any CPU
		{11457B7B-BC27-4111-A1FE-70DF07D9215B}.Debug|Any CPU.Build.0 = Debug|Any CPU
		{11457B7B-BC27-4111-A1FE-70DF07D9215B}.Release|Any CPU.ActiveCfg = Release|Any CPU
		{11457B7B-BC27-4111-A1FE-70DF07D9215B}.Release|Any CPU.Build.0 = Release|Any CPU
		{8185193D-F12E-4C84-841B-C42D0157612F}.Debug|Any CPU.ActiveCfg = Debug|Any CPU
		{8185193D-F12E-4C84-841B-C42D0157612F}.Debug|Any CPU.Build.0 = Debug|Any CPU
		{8185193D-F12E-4C84-841B-C42D0157612F}.Release|Any CPU.ActiveCfg = Release|Any CPU
		{8185193D-F12E-4C84-841B-C42D0157612F}.Release|Any CPU.Build.0 = Release|Any CPU
		{72B4220E-9772-45BA-B87C-220CBB24D6EB}.Debug|Any CPU.ActiveCfg = Debug|Any CPU
		{72B4220E-9772-45BA-B87C-220CBB24D6EB}.Debug|Any CPU.Build.0 = Debug|Any CPU
		{72B4220E-9772-45BA-B87C-220CBB24D6EB}.Release|Any CPU.ActiveCfg = Release|Any CPU
		{72B4220E-9772-45BA-B87C-220CBB24D6EB}.Release|Any CPU.Build.0 = Release|Any CPU
		{35C81CCF-A347-4120-B188-86A2EA4A579B}.Debug|Any CPU.ActiveCfg = Debug|Any CPU
		{35C81CCF-A347-4120-B188-86A2EA4A579B}.Debug|Any CPU.Build.0 = Debug|Any CPU
		{35C81CCF-A347-4120-B188-86A2EA4A579B}.Release|Any CPU.ActiveCfg = Release|Any CPU
		{35C81CCF-A347-4120-B188-86A2EA4A579B}.Release|Any CPU.Build.0 = Release|Any CPU
		{16C850E7-013F-48D7-95A0-458DAF1C1807}.Debug|Any CPU.ActiveCfg = Debug|Any CPU
		{16C850E7-013F-48D7-95A0-458DAF1C1807}.Debug|Any CPU.Build.0 = Debug|Any CPU
		{16C850E7-013F-48D7-95A0-458DAF1C1807}.Release|Any CPU.ActiveCfg = Release|Any CPU
		{16C850E7-013F-48D7-95A0-458DAF1C1807}.Release|Any CPU.Build.0 = Release|Any CPU
		{C9D08B16-B9DF-4697-BF04-D18A85776CCE}.Debug|Any CPU.ActiveCfg = Debug|Any CPU
		{C9D08B16-B9DF-4697-BF04-D18A85776CCE}.Debug|Any CPU.Build.0 = Debug|Any CPU
		{C9D08B16-B9DF-4697-BF04-D18A85776CCE}.Release|Any CPU.ActiveCfg = Release|Any CPU
		{C9D08B16-B9DF-4697-BF04-D18A85776CCE}.Release|Any CPU.Build.0 = Release|Any CPU
		{41D9E14F-91E6-4B50-983E-9802970C3BCA}.Debug|Any CPU.ActiveCfg = Debug|Any CPU
		{41D9E14F-91E6-4B50-983E-9802970C3BCA}.Debug|Any CPU.Build.0 = Debug|Any CPU
		{41D9E14F-91E6-4B50-983E-9802970C3BCA}.Release|Any CPU.ActiveCfg = Release|Any CPU
		{41D9E14F-91E6-4B50-983E-9802970C3BCA}.Release|Any CPU.Build.0 = Release|Any CPU
		{80B84347-5D69-4B9F-A93F-FFA47CA937D1}.Debug|Any CPU.ActiveCfg = Debug|Any CPU
		{80B84347-5D69-4B9F-A93F-FFA47CA937D1}.Debug|Any CPU.Build.0 = Debug|Any CPU
		{80B84347-5D69-4B9F-A93F-FFA47CA937D1}.Release|Any CPU.ActiveCfg = Release|Any CPU
		{80B84347-5D69-4B9F-A93F-FFA47CA937D1}.Release|Any CPU.Build.0 = Release|Any CPU
		{8D7AEAA6-B6C4-4A63-9C01-6C43B60CB177}.Debug|Any CPU.ActiveCfg = Debug|Any CPU
		{8D7AEAA6-B6C4-4A63-9C01-6C43B60CB177}.Debug|Any CPU.Build.0 = Debug|Any CPU
		{8D7AEAA6-B6C4-4A63-9C01-6C43B60CB177}.Release|Any CPU.ActiveCfg = Release|Any CPU
		{8D7AEAA6-B6C4-4A63-9C01-6C43B60CB177}.Release|Any CPU.Build.0 = Release|Any CPU
		{BF8EA2EA-A0FF-4B2B-AF8C-55E425F1C76F}.Debug|Any CPU.ActiveCfg = Debug|Any CPU
		{BF8EA2EA-A0FF-4B2B-AF8C-55E425F1C76F}.Debug|Any CPU.Build.0 = Debug|Any CPU
		{BF8EA2EA-A0FF-4B2B-AF8C-55E425F1C76F}.Release|Any CPU.ActiveCfg = Release|Any CPU
		{BF8EA2EA-A0FF-4B2B-AF8C-55E425F1C76F}.Release|Any CPU.Build.0 = Release|Any CPU
		{B314EE31-0C90-4403-BD2E-B09C72AB1456}.Debug|Any CPU.ActiveCfg = Debug|Any CPU
		{B314EE31-0C90-4403-BD2E-B09C72AB1456}.Debug|Any CPU.Build.0 = Debug|Any CPU
		{B314EE31-0C90-4403-BD2E-B09C72AB1456}.Release|Any CPU.ActiveCfg = Release|Any CPU
		{B314EE31-0C90-4403-BD2E-B09C72AB1456}.Release|Any CPU.Build.0 = Release|Any CPU
		{EE683AEE-3276-4102-9578-292BACCD0FF8}.Debug|Any CPU.ActiveCfg = Debug|Any CPU
		{EE683AEE-3276-4102-9578-292BACCD0FF8}.Release|Any CPU.ActiveCfg = Release|Any CPU
		{56A5B1FC-4145-4A61-A380-5B56F6D92007}.Debug|Any CPU.ActiveCfg = Debug|Any CPU
		{56A5B1FC-4145-4A61-A380-5B56F6D92007}.Release|Any CPU.ActiveCfg = Release|Any CPU
		{85366FF9-73FA-401D-8F08-BBFF24ECFC38}.Debug|Any CPU.ActiveCfg = Debug|Any CPU
		{85366FF9-73FA-401D-8F08-BBFF24ECFC38}.Debug|Any CPU.Build.0 = Debug|Any CPU
		{85366FF9-73FA-401D-8F08-BBFF24ECFC38}.Release|Any CPU.ActiveCfg = Release|Any CPU
		{85366FF9-73FA-401D-8F08-BBFF24ECFC38}.Release|Any CPU.Build.0 = Release|Any CPU
		{6E51125E-906C-44CD-BE96-6BF5B295A105}.Debug|Any CPU.ActiveCfg = Debug|Any CPU
		{6E51125E-906C-44CD-BE96-6BF5B295A105}.Release|Any CPU.ActiveCfg = Release|Any CPU
		{58C6A1D4-7E2B-4254-91B6-09DBD589165E}.Debug|Any CPU.ActiveCfg = Debug|Any CPU
		{58C6A1D4-7E2B-4254-91B6-09DBD589165E}.Debug|Any CPU.Build.0 = Debug|Any CPU
		{58C6A1D4-7E2B-4254-91B6-09DBD589165E}.Release|Any CPU.ActiveCfg = Release|Any CPU
		{58C6A1D4-7E2B-4254-91B6-09DBD589165E}.Release|Any CPU.Build.0 = Release|Any CPU
		{94A300DB-1C19-4377-9DF2-E40C26EEF37D}.Debug|Any CPU.ActiveCfg = Debug|Any CPU
		{94A300DB-1C19-4377-9DF2-E40C26EEF37D}.Debug|Any CPU.Build.0 = Debug|Any CPU
		{94A300DB-1C19-4377-9DF2-E40C26EEF37D}.Release|Any CPU.ActiveCfg = Release|Any CPU
		{94A300DB-1C19-4377-9DF2-E40C26EEF37D}.Release|Any CPU.Build.0 = Release|Any CPU
		{92DA5395-C383-4D57-B056-436B02AC9A94}.Debug|Any CPU.ActiveCfg = Debug|Any CPU
		{92DA5395-C383-4D57-B056-436B02AC9A94}.Debug|Any CPU.Build.0 = Debug|Any CPU
		{92DA5395-C383-4D57-B056-436B02AC9A94}.Release|Any CPU.ActiveCfg = Release|Any CPU
		{92DA5395-C383-4D57-B056-436B02AC9A94}.Release|Any CPU.Build.0 = Release|Any CPU
		{E44D5123-09B4-4B08-BFE8-D7FA3C1D76C2}.Debug|Any CPU.ActiveCfg = Debug|Any CPU
		{E44D5123-09B4-4B08-BFE8-D7FA3C1D76C2}.Debug|Any CPU.Build.0 = Debug|Any CPU
		{E44D5123-09B4-4B08-BFE8-D7FA3C1D76C2}.Release|Any CPU.ActiveCfg = Release|Any CPU
		{E44D5123-09B4-4B08-BFE8-D7FA3C1D76C2}.Release|Any CPU.Build.0 = Release|Any CPU
		{B128F02F-B91B-40CC-A80B-1E30142E7B3D}.Debug|Any CPU.ActiveCfg = Debug|Any CPU
		{B128F02F-B91B-40CC-A80B-1E30142E7B3D}.Debug|Any CPU.Build.0 = Debug|Any CPU
		{B128F02F-B91B-40CC-A80B-1E30142E7B3D}.Release|Any CPU.ActiveCfg = Release|Any CPU
		{B128F02F-B91B-40CC-A80B-1E30142E7B3D}.Release|Any CPU.Build.0 = Release|Any CPU
		{2C73C97B-F2ED-4B88-B51F-C641C0352C63}.Debug|Any CPU.ActiveCfg = Debug|Any CPU
		{2C73C97B-F2ED-4B88-B51F-C641C0352C63}.Debug|Any CPU.Build.0 = Debug|Any CPU
		{2C73C97B-F2ED-4B88-B51F-C641C0352C63}.Release|Any CPU.ActiveCfg = Release|Any CPU
		{2C73C97B-F2ED-4B88-B51F-C641C0352C63}.Release|Any CPU.Build.0 = Release|Any CPU
		{96AA7BB1-B757-4652-852B-30727DE4C438}.Debug|Any CPU.ActiveCfg = Debug|Any CPU
		{96AA7BB1-B757-4652-852B-30727DE4C438}.Debug|Any CPU.Build.0 = Debug|Any CPU
		{96AA7BB1-B757-4652-852B-30727DE4C438}.Release|Any CPU.ActiveCfg = Release|Any CPU
		{96AA7BB1-B757-4652-852B-30727DE4C438}.Release|Any CPU.Build.0 = Release|Any CPU
		{EC7C7F4A-A37C-4E20-91C1-47C44798C2F8}.Debug|Any CPU.ActiveCfg = Debug|Any CPU
		{EC7C7F4A-A37C-4E20-91C1-47C44798C2F8}.Release|Any CPU.ActiveCfg = Release|Any CPU
		{EBED9D26-1467-4A9D-B8D2-979BC371F97B}.Debug|Any CPU.ActiveCfg = Debug|Any CPU
		{EBED9D26-1467-4A9D-B8D2-979BC371F97B}.Debug|Any CPU.Build.0 = Debug|Any CPU
		{EBED9D26-1467-4A9D-B8D2-979BC371F97B}.Release|Any CPU.ActiveCfg = Release|Any CPU
		{EBED9D26-1467-4A9D-B8D2-979BC371F97B}.Release|Any CPU.Build.0 = Release|Any CPU
		{B4B545DF-ACD4-49C2-9825-84EB663B9B74}.Debug|Any CPU.ActiveCfg = Debug|Any CPU
		{B4B545DF-ACD4-49C2-9825-84EB663B9B74}.Debug|Any CPU.Build.0 = Debug|Any CPU
		{B4B545DF-ACD4-49C2-9825-84EB663B9B74}.Release|Any CPU.ActiveCfg = Release|Any CPU
		{B4B545DF-ACD4-49C2-9825-84EB663B9B74}.Release|Any CPU.Build.0 = Release|Any CPU
		{87D70B6A-A742-4B80-820E-2D08A4A8DCD7}.Debug|Any CPU.ActiveCfg = Debug|Any CPU
		{87D70B6A-A742-4B80-820E-2D08A4A8DCD7}.Debug|Any CPU.Build.0 = Debug|Any CPU
		{87D70B6A-A742-4B80-820E-2D08A4A8DCD7}.Release|Any CPU.ActiveCfg = Release|Any CPU
		{87D70B6A-A742-4B80-820E-2D08A4A8DCD7}.Release|Any CPU.Build.0 = Release|Any CPU
		{27B0FE37-9F30-4C00-95C4-3873177940AE}.Debug|Any CPU.ActiveCfg = Debug|Any CPU
		{27B0FE37-9F30-4C00-95C4-3873177940AE}.Debug|Any CPU.Build.0 = Debug|Any CPU
		{27B0FE37-9F30-4C00-95C4-3873177940AE}.Release|Any CPU.ActiveCfg = Release|Any CPU
		{27B0FE37-9F30-4C00-95C4-3873177940AE}.Release|Any CPU.Build.0 = Release|Any CPU
	EndGlobalSection
	GlobalSection(SolutionProperties) = preSolution
		HideSolutionNode = FALSE
	EndGlobalSection
	GlobalSection(NestedProjects) = preSolution
		{E4E14186-7285-4679-8889-CCE3102907D7} = {6B5C4EC7-D6D9-4793-B0C5-F953CB8F6C95}
		{07D02F3B-4F47-44B7-9691-B82FD3EBC065} = {6B5C4EC7-D6D9-4793-B0C5-F953CB8F6C95}
		{F885A2EC-F70F-4D44-BD6B-BB23ADE60805} = {6B5C4EC7-D6D9-4793-B0C5-F953CB8F6C95}
		{60F85AA6-5823-4604-A177-7D7EA9A3E236} = {6B5C4EC7-D6D9-4793-B0C5-F953CB8F6C95}
		{721A40E9-6385-424E-AF92-1DBB6717011D} = {6B5C4EC7-D6D9-4793-B0C5-F953CB8F6C95}
		{868ECF3A-D25C-4450-A555-17EA15529C7C} = {60F85AA6-5823-4604-A177-7D7EA9A3E236}
		{469A0964-991C-42CE-9796-03C9FEC14B9C} = {60F85AA6-5823-4604-A177-7D7EA9A3E236}
		{C60865B1-4A12-41B0-8903-EF2A19095C33} = {F885A2EC-F70F-4D44-BD6B-BB23ADE60805}
		{C1211648-D021-4C2B-9B08-6F31BB728C45} = {F885A2EC-F70F-4D44-BD6B-BB23ADE60805}
		{95FC144B-B432-4B04-B895-B39E284E3687} = {F885A2EC-F70F-4D44-BD6B-BB23ADE60805}
		{779BD22B-4036-4770-A4F7-84C1721C3118} = {F885A2EC-F70F-4D44-BD6B-BB23ADE60805}
		{489B2E27-04C2-4E50-8292-03BE107296A9} = {F885A2EC-F70F-4D44-BD6B-BB23ADE60805}
		{BF2BAC08-9A48-472A-BB58-FCDAA9EBAC91} = {F885A2EC-F70F-4D44-BD6B-BB23ADE60805}
		{99AAAFD9-9BF5-4D4C-8DE6-6B59D080111C} = {F885A2EC-F70F-4D44-BD6B-BB23ADE60805}
		{25C53F1C-CBE7-41A1-B6C0-9F4F3CFA2C43} = {6B5C4EC7-D6D9-4793-B0C5-F953CB8F6C95}
		{6A5CEF0E-6D2C-44B8-8DAF-F8E35CE4FDA9} = {6B5C4EC7-D6D9-4793-B0C5-F953CB8F6C95}
		{DC03D995-8473-40A0-9A23-C24D3C2B0EF4} = {6A5CEF0E-6D2C-44B8-8DAF-F8E35CE4FDA9}
		{A7DD38E4-4C30-4BFC-B22A-8424EFCD39AB} = {6A5CEF0E-6D2C-44B8-8DAF-F8E35CE4FDA9}
		{EA452303-E9DA-4299-8B3F-2599DFF08AE6} = {6A5CEF0E-6D2C-44B8-8DAF-F8E35CE4FDA9}
		{D06F43B4-2F6D-4287-97A1-EEEBFF0EF1D2} = {E4E14186-7285-4679-8889-CCE3102907D7}
		{B815A165-9BF6-4123-9716-E806357A9FC1} = {E4E14186-7285-4679-8889-CCE3102907D7}
		{1D7740FD-013D-4D2D-BCC6-79F1D7A8800A} = {E4E14186-7285-4679-8889-CCE3102907D7}
		{13E62E84-7629-474A-BC73-F8F88171AF1B} = {E4E14186-7285-4679-8889-CCE3102907D7}
		{11457B7B-BC27-4111-A1FE-70DF07D9215B} = {E4E14186-7285-4679-8889-CCE3102907D7}
		{8185193D-F12E-4C84-841B-C42D0157612F} = {E4E14186-7285-4679-8889-CCE3102907D7}
		{72B4220E-9772-45BA-B87C-220CBB24D6EB} = {E4E14186-7285-4679-8889-CCE3102907D7}
		{35C81CCF-A347-4120-B188-86A2EA4A579B} = {07D02F3B-4F47-44B7-9691-B82FD3EBC065}
		{16C850E7-013F-48D7-95A0-458DAF1C1807} = {07D02F3B-4F47-44B7-9691-B82FD3EBC065}
		{C9D08B16-B9DF-4697-BF04-D18A85776CCE} = {07D02F3B-4F47-44B7-9691-B82FD3EBC065}
		{41D9E14F-91E6-4B50-983E-9802970C3BCA} = {07D02F3B-4F47-44B7-9691-B82FD3EBC065}
		{80B84347-5D69-4B9F-A93F-FFA47CA937D1} = {25C53F1C-CBE7-41A1-B6C0-9F4F3CFA2C43}
		{8D7AEAA6-B6C4-4A63-9C01-6C43B60CB177} = {25C53F1C-CBE7-41A1-B6C0-9F4F3CFA2C43}
		{BF8EA2EA-A0FF-4B2B-AF8C-55E425F1C76F} = {721A40E9-6385-424E-AF92-1DBB6717011D}
		{B314EE31-0C90-4403-BD2E-B09C72AB1456} = {721A40E9-6385-424E-AF92-1DBB6717011D}
		{EE683AEE-3276-4102-9578-292BACCD0FF8} = {EEB3F8F2-76FF-4E36-8035-7A12F80F899C}
		{56A5B1FC-4145-4A61-A380-5B56F6D92007} = {EEB3F8F2-76FF-4E36-8035-7A12F80F899C}
		{85366FF9-73FA-401D-8F08-BBFF24ECFC38} = {25C53F1C-CBE7-41A1-B6C0-9F4F3CFA2C43}
		{58C6A1D4-7E2B-4254-91B6-09DBD589165E} = {E4E14186-7285-4679-8889-CCE3102907D7}
		{94A300DB-1C19-4377-9DF2-E40C26EEF37D} = {E4E14186-7285-4679-8889-CCE3102907D7}
		{92DA5395-C383-4D57-B056-436B02AC9A94} = {07D02F3B-4F47-44B7-9691-B82FD3EBC065}
		{E44D5123-09B4-4B08-BFE8-D7FA3C1D76C2} = {25C53F1C-CBE7-41A1-B6C0-9F4F3CFA2C43}
		{B128F02F-B91B-40CC-A80B-1E30142E7B3D} = {25C53F1C-CBE7-41A1-B6C0-9F4F3CFA2C43}
		{2C73C97B-F2ED-4B88-B51F-C641C0352C63} = {07D02F3B-4F47-44B7-9691-B82FD3EBC065}
		{96AA7BB1-B757-4652-852B-30727DE4C438} = {F885A2EC-F70F-4D44-BD6B-BB23ADE60805}
		{EBED9D26-1467-4A9D-B8D2-979BC371F97B} = {07D02F3B-4F47-44B7-9691-B82FD3EBC065}
		{B4B545DF-ACD4-49C2-9825-84EB663B9B74} = {721A40E9-6385-424E-AF92-1DBB6717011D}
		{87D70B6A-A742-4B80-820E-2D08A4A8DCD7} = {721A40E9-6385-424E-AF92-1DBB6717011D}
		{27B0FE37-9F30-4C00-95C4-3873177940AE} = {07D02F3B-4F47-44B7-9691-B82FD3EBC065}
	EndGlobalSection
	GlobalSection(ExtensibilityGlobals) = postSolution
		SolutionGuid = {E67CC2E3-4384-409C-9CC1-30C14E9B89AF}
	EndGlobalSection
EndGlobal
